// !$*UTF8*$!
{
	archiveVersion = 1;
	classes = {
	};
	objectVersion = 46;
	objects = {

/* Begin PBXBuildFile section */
		A41F014D27B3764522F31D01 /* Pods_SPS.framework in Frameworks */ = {isa = PBXBuildFile; fileRef = 219C81D67F82898F3BB9B110 /* Pods_SPS.framework */; };
		ACC9668FBC222A185F8DCCAE /* Pods_SPSTests.framework in Frameworks */ = {isa = PBXBuildFile; fileRef = 0FD4F89698B211F2E330ED39 /* Pods_SPSTests.framework */; };
		F8019A541DA44341009DF55D /* AppDelegate.swift in Sources */ = {isa = PBXBuildFile; fileRef = F8019A531DA44341009DF55D /* AppDelegate.swift */; };
		F8019A561DA44341009DF55D /* ViewController.swift in Sources */ = {isa = PBXBuildFile; fileRef = F8019A551DA44341009DF55D /* ViewController.swift */; };
		F8019A591DA44341009DF55D /* Main.storyboard in Resources */ = {isa = PBXBuildFile; fileRef = F8019A571DA44341009DF55D /* Main.storyboard */; };
		F8019A5B1DA44341009DF55D /* Assets.xcassets in Resources */ = {isa = PBXBuildFile; fileRef = F8019A5A1DA44341009DF55D /* Assets.xcassets */; };
		F8019A5E1DA44341009DF55D /* LaunchScreen.storyboard in Resources */ = {isa = PBXBuildFile; fileRef = F8019A5C1DA44341009DF55D /* LaunchScreen.storyboard */; };
		F8019A691DA44341009DF55D /* SPSTests.swift in Sources */ = {isa = PBXBuildFile; fileRef = F8019A681DA44341009DF55D /* SPSTests.swift */; };
/* End PBXBuildFile section */

/* Begin PBXContainerItemProxy section */
		F8019A651DA44341009DF55D /* PBXContainerItemProxy */ = {
			isa = PBXContainerItemProxy;
			containerPortal = F8019A481DA44341009DF55D /* Project object */;
			proxyType = 1;
			remoteGlobalIDString = F8019A4F1DA44341009DF55D;
			remoteInfo = SPS;
		};
/* End PBXContainerItemProxy section */

/* Begin PBXFileReference section */
		0FD4F89698B211F2E330ED39 /* Pods_SPSTests.framework */ = {isa = PBXFileReference; explicitFileType = wrapper.framework; includeInIndex = 0; path = Pods_SPSTests.framework; sourceTree = BUILT_PRODUCTS_DIR; };
		219C81D67F82898F3BB9B110 /* Pods_SPS.framework */ = {isa = PBXFileReference; explicitFileType = wrapper.framework; includeInIndex = 0; path = Pods_SPS.framework; sourceTree = BUILT_PRODUCTS_DIR; };
		631D728449DBAE97B04E87A8 /* Pods-SPS.release.xcconfig */ = {isa = PBXFileReference; includeInIndex = 1; lastKnownFileType = text.xcconfig; name = "Pods-SPS.release.xcconfig"; path = "Pods/Target Support Files/Pods-SPS/Pods-SPS.release.xcconfig"; sourceTree = "<group>"; };
		B10B8ABE7E72BA1118A71FBC /* Pods-SPSTests.release.xcconfig */ = {isa = PBXFileReference; includeInIndex = 1; lastKnownFileType = text.xcconfig; name = "Pods-SPSTests.release.xcconfig"; path = "Pods/Target Support Files/Pods-SPSTests/Pods-SPSTests.release.xcconfig"; sourceTree = "<group>"; };
		E8CE850440A390A8C680A607 /* Pods-SPS.debug.xcconfig */ = {isa = PBXFileReference; includeInIndex = 1; lastKnownFileType = text.xcconfig; name = "Pods-SPS.debug.xcconfig"; path = "Pods/Target Support Files/Pods-SPS/Pods-SPS.debug.xcconfig"; sourceTree = "<group>"; };
		F4166BF9798BEBB00C4FD198 /* Pods-SPSTests.debug.xcconfig */ = {isa = PBXFileReference; includeInIndex = 1; lastKnownFileType = text.xcconfig; name = "Pods-SPSTests.debug.xcconfig"; path = "Pods/Target Support Files/Pods-SPSTests/Pods-SPSTests.debug.xcconfig"; sourceTree = "<group>"; };
		F8019A501DA44341009DF55D /* SPS.app */ = {isa = PBXFileReference; explicitFileType = wrapper.application; includeInIndex = 0; path = SPS.app; sourceTree = BUILT_PRODUCTS_DIR; };
		F8019A531DA44341009DF55D /* AppDelegate.swift */ = {isa = PBXFileReference; lastKnownFileType = sourcecode.swift; path = AppDelegate.swift; sourceTree = "<group>"; };
		F8019A551DA44341009DF55D /* ViewController.swift */ = {isa = PBXFileReference; lastKnownFileType = sourcecode.swift; path = ViewController.swift; sourceTree = "<group>"; };
		F8019A581DA44341009DF55D /* Base */ = {isa = PBXFileReference; lastKnownFileType = file.storyboard; name = Base; path = Base.lproj/Main.storyboard; sourceTree = "<group>"; };
		F8019A5A1DA44341009DF55D /* Assets.xcassets */ = {isa = PBXFileReference; lastKnownFileType = folder.assetcatalog; path = Assets.xcassets; sourceTree = "<group>"; };
		F8019A5D1DA44341009DF55D /* Base */ = {isa = PBXFileReference; lastKnownFileType = file.storyboard; name = Base; path = Base.lproj/LaunchScreen.storyboard; sourceTree = "<group>"; };
		F8019A5F1DA44341009DF55D /* Info.plist */ = {isa = PBXFileReference; lastKnownFileType = text.plist.xml; path = Info.plist; sourceTree = "<group>"; };
		F8019A641DA44341009DF55D /* SPSTests.xctest */ = {isa = PBXFileReference; explicitFileType = wrapper.cfbundle; includeInIndex = 0; path = SPSTests.xctest; sourceTree = BUILT_PRODUCTS_DIR; };
		F8019A681DA44341009DF55D /* SPSTests.swift */ = {isa = PBXFileReference; lastKnownFileType = sourcecode.swift; path = SPSTests.swift; sourceTree = "<group>"; };
		F8019A6A1DA44341009DF55D /* Info.plist */ = {isa = PBXFileReference; lastKnownFileType = text.plist.xml; path = Info.plist; sourceTree = "<group>"; };
/* End PBXFileReference section */

/* Begin PBXFrameworksBuildPhase section */
		F8019A4D1DA44341009DF55D /* Frameworks */ = {
			isa = PBXFrameworksBuildPhase;
			buildActionMask = 2147483647;
			files = (
				A41F014D27B3764522F31D01 /* Pods_SPS.framework in Frameworks */,
			);
			runOnlyForDeploymentPostprocessing = 0;
		};
		F8019A611DA44341009DF55D /* Frameworks */ = {
			isa = PBXFrameworksBuildPhase;
			buildActionMask = 2147483647;
			files = (
				ACC9668FBC222A185F8DCCAE /* Pods_SPSTests.framework in Frameworks */,
			);
			runOnlyForDeploymentPostprocessing = 0;
		};
/* End PBXFrameworksBuildPhase section */

/* Begin PBXGroup section */
		972ABEF3EAF40F9F28BC1E46 /* Pods */ = {
			isa = PBXGroup;
			children = (
				E8CE850440A390A8C680A607 /* Pods-SPS.debug.xcconfig */,
				631D728449DBAE97B04E87A8 /* Pods-SPS.release.xcconfig */,
				F4166BF9798BEBB00C4FD198 /* Pods-SPSTests.debug.xcconfig */,
				B10B8ABE7E72BA1118A71FBC /* Pods-SPSTests.release.xcconfig */,
			);
			name = Pods;
			sourceTree = "<group>";
		};
		C32B9CEF4E3F7C6992FDF8BD /* Frameworks */ = {
			isa = PBXGroup;
			children = (
				219C81D67F82898F3BB9B110 /* Pods_SPS.framework */,
				0FD4F89698B211F2E330ED39 /* Pods_SPSTests.framework */,
			);
			name = Frameworks;
			sourceTree = "<group>";
		};
		F8019A471DA44341009DF55D = {
			isa = PBXGroup;
			children = (
				F8019A521DA44341009DF55D /* SPS */,
				F8019A671DA44341009DF55D /* SPSTests */,
				F8019A511DA44341009DF55D /* Products */,
				972ABEF3EAF40F9F28BC1E46 /* Pods */,
				C32B9CEF4E3F7C6992FDF8BD /* Frameworks */,
			);
			sourceTree = "<group>";
		};
		F8019A511DA44341009DF55D /* Products */ = {
			isa = PBXGroup;
			children = (
				F8019A501DA44341009DF55D /* SPS.app */,
				F8019A641DA44341009DF55D /* SPSTests.xctest */,
			);
			name = Products;
			sourceTree = "<group>";
		};
		F8019A521DA44341009DF55D /* SPS */ = {
			isa = PBXGroup;
			children = (
				F8019A531DA44341009DF55D /* AppDelegate.swift */,
				F8019A551DA44341009DF55D /* ViewController.swift */,
				F8019A571DA44341009DF55D /* Main.storyboard */,
				F8019A5A1DA44341009DF55D /* Assets.xcassets */,
				F8019A5C1DA44341009DF55D /* LaunchScreen.storyboard */,
				F8019A5F1DA44341009DF55D /* Info.plist */,
			);
			path = SPS;
			sourceTree = "<group>";
		};
		F8019A671DA44341009DF55D /* SPSTests */ = {
			isa = PBXGroup;
			children = (
				F8019A681DA44341009DF55D /* SPSTests.swift */,
				F8019A6A1DA44341009DF55D /* Info.plist */,
			);
			path = SPSTests;
			sourceTree = "<group>";
		};
/* End PBXGroup section */

/* Begin PBXNativeTarget section */
		F8019A4F1DA44341009DF55D /* SPS */ = {
			isa = PBXNativeTarget;
			buildConfigurationList = F8019A6D1DA44341009DF55D /* Build configuration list for PBXNativeTarget "SPS" */;
			buildPhases = (
				F70E277B02AE2B171C4286ED /* [CP] Check Pods Manifest.lock */,
				F8019A4C1DA44341009DF55D /* Sources */,
				F8019A4D1DA44341009DF55D /* Frameworks */,
				F8019A4E1DA44341009DF55D /* Resources */,
				48B65A81FB47E2F5108B771A /* [CP] Embed Pods Frameworks */,
				E53C8E90F53182EEE93F7E67 /* [CP] Copy Pods Resources */,
			);
			buildRules = (
			);
			dependencies = (
			);
			name = SPS;
			productName = SPS;
			productReference = F8019A501DA44341009DF55D /* SPS.app */;
			productType = "com.apple.product-type.application";
		};
		F8019A631DA44341009DF55D /* SPSTests */ = {
			isa = PBXNativeTarget;
			buildConfigurationList = F8019A701DA44341009DF55D /* Build configuration list for PBXNativeTarget "SPSTests" */;
			buildPhases = (
				58EC2A9D84B9A26018AE2885 /* [CP] Check Pods Manifest.lock */,
				F8019A601DA44341009DF55D /* Sources */,
				F8019A611DA44341009DF55D /* Frameworks */,
				F8019A621DA44341009DF55D /* Resources */,
				662BDB8319B102F42786173F /* [CP] Embed Pods Frameworks */,
				A028C31C1A06838C10D9DDF7 /* [CP] Copy Pods Resources */,
			);
			buildRules = (
			);
			dependencies = (
				F8019A661DA44341009DF55D /* PBXTargetDependency */,
			);
			name = SPSTests;
			productName = SPSTests;
			productReference = F8019A641DA44341009DF55D /* SPSTests.xctest */;
			productType = "com.apple.product-type.bundle.unit-test";
		};
/* End PBXNativeTarget section */

/* Begin PBXProject section */
		F8019A481DA44341009DF55D /* Project object */ = {
			isa = PBXProject;
			attributes = {
				LastSwiftUpdateCheck = 0800;
				LastUpgradeCheck = 0800;
				ORGANIZATIONNAME = "Yaman JAIOUCH";
				TargetAttributes = {
					F8019A4F1DA44341009DF55D = {
						CreatedOnToolsVersion = 8.0;
						DevelopmentTeam = 4GA57MT5DC;
						ProvisioningStyle = Automatic;
					};
					F8019A631DA44341009DF55D = {
						CreatedOnToolsVersion = 8.0;
						DevelopmentTeam = 4GA57MT5DC;
						ProvisioningStyle = Automatic;
						TestTargetID = F8019A4F1DA44341009DF55D;
					};
				};
			};
			buildConfigurationList = F8019A4B1DA44341009DF55D /* Build configuration list for PBXProject "SPS" */;
			compatibilityVersion = "Xcode 3.2";
			developmentRegion = English;
			hasScannedForEncodings = 0;
			knownRegions = (
				en,
				Base,
			);
			mainGroup = F8019A471DA44341009DF55D;
			productRefGroup = F8019A511DA44341009DF55D /* Products */;
			projectDirPath = "";
			projectRoot = "";
			targets = (
				F8019A4F1DA44341009DF55D /* SPS */,
				F8019A631DA44341009DF55D /* SPSTests */,
			);
		};
/* End PBXProject section */

/* Begin PBXResourcesBuildPhase section */
		F8019A4E1DA44341009DF55D /* Resources */ = {
			isa = PBXResourcesBuildPhase;
			buildActionMask = 2147483647;
			files = (
				F8019A5E1DA44341009DF55D /* LaunchScreen.storyboard in Resources */,
				F8019A5B1DA44341009DF55D /* Assets.xcassets in Resources */,
				F8019A591DA44341009DF55D /* Main.storyboard in Resources */,
			);
			runOnlyForDeploymentPostprocessing = 0;
		};
		F8019A621DA44341009DF55D /* Resources */ = {
			isa = PBXResourcesBuildPhase;
			buildActionMask = 2147483647;
			files = (
			);
			runOnlyForDeploymentPostprocessing = 0;
		};
/* End PBXResourcesBuildPhase section */

/* Begin PBXShellScriptBuildPhase section */
		48B65A81FB47E2F5108B771A /* [CP] Embed Pods Frameworks */ = {
			isa = PBXShellScriptBuildPhase;
			buildActionMask = 2147483647;
			files = (
			);
			inputPaths = (
			);
			name = "[CP] Embed Pods Frameworks";
			outputPaths = (
			);
			runOnlyForDeploymentPostprocessing = 0;
			shellPath = /bin/sh;
			shellScript = "\"${SRCROOT}/Pods/Target Support Files/Pods-SPS/Pods-SPS-frameworks.sh\"\n";
			showEnvVarsInLog = 0;
		};
		58EC2A9D84B9A26018AE2885 /* [CP] Check Pods Manifest.lock */ = {
			isa = PBXShellScriptBuildPhase;
			buildActionMask = 2147483647;
			files = (
			);
			inputPaths = (
			);
			name = "[CP] Check Pods Manifest.lock";
			outputPaths = (
			);
			runOnlyForDeploymentPostprocessing = 0;
			shellPath = /bin/sh;
			shellScript = "diff \"${PODS_ROOT}/../Podfile.lock\" \"${PODS_ROOT}/Manifest.lock\" > /dev/null\nif [[ $? != 0 ]] ; then\n    cat << EOM\nerror: The sandbox is not in sync with the Podfile.lock. Run 'pod install' or update your CocoaPods installation.\nEOM\n    exit 1\nfi\n";
			showEnvVarsInLog = 0;
		};
		662BDB8319B102F42786173F /* [CP] Embed Pods Frameworks */ = {
			isa = PBXShellScriptBuildPhase;
			buildActionMask = 2147483647;
			files = (
			);
			inputPaths = (
			);
			name = "[CP] Embed Pods Frameworks";
			outputPaths = (
			);
			runOnlyForDeploymentPostprocessing = 0;
			shellPath = /bin/sh;
			shellScript = "\"${SRCROOT}/Pods/Target Support Files/Pods-SPSTests/Pods-SPSTests-frameworks.sh\"\n";
			showEnvVarsInLog = 0;
		};
		A028C31C1A06838C10D9DDF7 /* [CP] Copy Pods Resources */ = {
			isa = PBXShellScriptBuildPhase;
			buildActionMask = 2147483647;
			files = (
			);
			inputPaths = (
			);
			name = "[CP] Copy Pods Resources";
			outputPaths = (
			);
			runOnlyForDeploymentPostprocessing = 0;
			shellPath = /bin/sh;
			shellScript = "\"${SRCROOT}/Pods/Target Support Files/Pods-SPSTests/Pods-SPSTests-resources.sh\"\n";
			showEnvVarsInLog = 0;
		};
		E53C8E90F53182EEE93F7E67 /* [CP] Copy Pods Resources */ = {
			isa = PBXShellScriptBuildPhase;
			buildActionMask = 2147483647;
			files = (
			);
			inputPaths = (
			);
			name = "[CP] Copy Pods Resources";
			outputPaths = (
			);
			runOnlyForDeploymentPostprocessing = 0;
			shellPath = /bin/sh;
			shellScript = "\"${SRCROOT}/Pods/Target Support Files/Pods-SPS/Pods-SPS-resources.sh\"\n";
			showEnvVarsInLog = 0;
		};
		F70E277B02AE2B171C4286ED /* [CP] Check Pods Manifest.lock */ = {
			isa = PBXShellScriptBuildPhase;
			buildActionMask = 2147483647;
			files = (
			);
			inputPaths = (
			);
			name = "[CP] Check Pods Manifest.lock";
			outputPaths = (
			);
			runOnlyForDeploymentPostprocessing = 0;
			shellPath = /bin/sh;
			shellScript = "diff \"${PODS_ROOT}/../Podfile.lock\" \"${PODS_ROOT}/Manifest.lock\" > /dev/null\nif [[ $? != 0 ]] ; then\n    cat << EOM\nerror: The sandbox is not in sync with the Podfile.lock. Run 'pod install' or update your CocoaPods installation.\nEOM\n    exit 1\nfi\n";
			showEnvVarsInLog = 0;
		};
/* End PBXShellScriptBuildPhase section */

/* Begin PBXSourcesBuildPhase section */
		F8019A4C1DA44341009DF55D /* Sources */ = {
			isa = PBXSourcesBuildPhase;
			buildActionMask = 2147483647;
			files = (
				F8019A561DA44341009DF55D /* ViewController.swift in Sources */,
				F8019A541DA44341009DF55D /* AppDelegate.swift in Sources */,
			);
			runOnlyForDeploymentPostprocessing = 0;
		};
		F8019A601DA44341009DF55D /* Sources */ = {
			isa = PBXSourcesBuildPhase;
			buildActionMask = 2147483647;
			files = (
				F8019A691DA44341009DF55D /* SPSTests.swift in Sources */,
			);
			runOnlyForDeploymentPostprocessing = 0;
		};
/* End PBXSourcesBuildPhase section */

/* Begin PBXTargetDependency section */
		F8019A661DA44341009DF55D /* PBXTargetDependency */ = {
			isa = PBXTargetDependency;
			target = F8019A4F1DA44341009DF55D /* SPS */;
			targetProxy = F8019A651DA44341009DF55D /* PBXContainerItemProxy */;
		};
/* End PBXTargetDependency section */

/* Begin PBXVariantGroup section */
		F8019A571DA44341009DF55D /* Main.storyboard */ = {
			isa = PBXVariantGroup;
			children = (
				F8019A581DA44341009DF55D /* Base */,
			);
			name = Main.storyboard;
			sourceTree = "<group>";
		};
		F8019A5C1DA44341009DF55D /* LaunchScreen.storyboard */ = {
			isa = PBXVariantGroup;
			children = (
				F8019A5D1DA44341009DF55D /* Base */,
			);
			name = LaunchScreen.storyboard;
			sourceTree = "<group>";
		};
/* End PBXVariantGroup section */

/* Begin XCBuildConfiguration section */
		F8019A6B1DA44341009DF55D /* Debug */ = {
			isa = XCBuildConfiguration;
			buildSettings = {
				ALWAYS_SEARCH_USER_PATHS = NO;
				CLANG_ANALYZER_NONNULL = YES;
				CLANG_CXX_LANGUAGE_STANDARD = "gnu++0x";
				CLANG_CXX_LIBRARY = "libc++";
				CLANG_ENABLE_MODULES = YES;
				CLANG_ENABLE_OBJC_ARC = YES;
				CLANG_WARN_BOOL_CONVERSION = YES;
				CLANG_WARN_CONSTANT_CONVERSION = YES;
				CLANG_WARN_DIRECT_OBJC_ISA_USAGE = YES_ERROR;
				CLANG_WARN_DOCUMENTATION_COMMENTS = YES;
				CLANG_WARN_EMPTY_BODY = YES;
				CLANG_WARN_ENUM_CONVERSION = YES;
				CLANG_WARN_INFINITE_RECURSION = YES;
				CLANG_WARN_INT_CONVERSION = YES;
				CLANG_WARN_OBJC_ROOT_CLASS = YES_ERROR;
				CLANG_WARN_SUSPICIOUS_MOVES = YES;
				CLANG_WARN_UNREACHABLE_CODE = YES;
				CLANG_WARN__DUPLICATE_METHOD_MATCH = YES;
				"CODE_SIGN_IDENTITY[sdk=iphoneos*]" = "iPhone Developer";
				COPY_PHASE_STRIP = NO;
				DEBUG_INFORMATION_FORMAT = dwarf;
				ENABLE_STRICT_OBJC_MSGSEND = YES;
				ENABLE_TESTABILITY = YES;
				GCC_C_LANGUAGE_STANDARD = gnu99;
				GCC_DYNAMIC_NO_PIC = NO;
				GCC_NO_COMMON_BLOCKS = YES;
				GCC_OPTIMIZATION_LEVEL = 0;
				GCC_PREPROCESSOR_DEFINITIONS = (
					"DEBUG=1",
					"$(inherited)",
				);
				GCC_WARN_64_TO_32_BIT_CONVERSION = YES;
				GCC_WARN_ABOUT_RETURN_TYPE = YES_ERROR;
				GCC_WARN_UNDECLARED_SELECTOR = YES;
				GCC_WARN_UNINITIALIZED_AUTOS = YES_AGGRESSIVE;
				GCC_WARN_UNUSED_FUNCTION = YES;
				GCC_WARN_UNUSED_VARIABLE = YES;
				IPHONEOS_DEPLOYMENT_TARGET = 10.0;
				MTL_ENABLE_DEBUG_INFO = YES;
				ONLY_ACTIVE_ARCH = YES;
				SDKROOT = iphoneos;
				SWIFT_ACTIVE_COMPILATION_CONDITIONS = DEBUG;
				SWIFT_OPTIMIZATION_LEVEL = "-Onone";
				TARGETED_DEVICE_FAMILY = "1,2";
			};
			name = Debug;
		};
		F8019A6C1DA44341009DF55D /* Release */ = {
			isa = XCBuildConfiguration;
			buildSettings = {
				ALWAYS_SEARCH_USER_PATHS = NO;
				CLANG_ANALYZER_NONNULL = YES;
				CLANG_CXX_LANGUAGE_STANDARD = "gnu++0x";
				CLANG_CXX_LIBRARY = "libc++";
				CLANG_ENABLE_MODULES = YES;
				CLANG_ENABLE_OBJC_ARC = YES;
				CLANG_WARN_BOOL_CONVERSION = YES;
				CLANG_WARN_CONSTANT_CONVERSION = YES;
				CLANG_WARN_DIRECT_OBJC_ISA_USAGE = YES_ERROR;
				CLANG_WARN_DOCUMENTATION_COMMENTS = YES;
				CLANG_WARN_EMPTY_BODY = YES;
				CLANG_WARN_ENUM_CONVERSION = YES;
				CLANG_WARN_INFINITE_RECURSION = YES;
				CLANG_WARN_INT_CONVERSION = YES;
				CLANG_WARN_OBJC_ROOT_CLASS = YES_ERROR;
				CLANG_WARN_SUSPICIOUS_MOVES = YES;
				CLANG_WARN_UNREACHABLE_CODE = YES;
				CLANG_WARN__DUPLICATE_METHOD_MATCH = YES;
				"CODE_SIGN_IDENTITY[sdk=iphoneos*]" = "iPhone Developer";
				COPY_PHASE_STRIP = NO;
				DEBUG_INFORMATION_FORMAT = "dwarf-with-dsym";
				ENABLE_NS_ASSERTIONS = NO;
				ENABLE_STRICT_OBJC_MSGSEND = YES;
				GCC_C_LANGUAGE_STANDARD = gnu99;
				GCC_NO_COMMON_BLOCKS = YES;
				GCC_WARN_64_TO_32_BIT_CONVERSION = YES;
				GCC_WARN_ABOUT_RETURN_TYPE = YES_ERROR;
				GCC_WARN_UNDECLARED_SELECTOR = YES;
				GCC_WARN_UNINITIALIZED_AUTOS = YES_AGGRESSIVE;
				GCC_WARN_UNUSED_FUNCTION = YES;
				GCC_WARN_UNUSED_VARIABLE = YES;
				IPHONEOS_DEPLOYMENT_TARGET = 10.0;
				MTL_ENABLE_DEBUG_INFO = NO;
				SDKROOT = iphoneos;
				SWIFT_OPTIMIZATION_LEVEL = "-Owholemodule";
				TARGETED_DEVICE_FAMILY = "1,2";
				VALIDATE_PRODUCT = YES;
			};
			name = Release;
		};
		F8019A6E1DA44341009DF55D /* Debug */ = {
			isa = XCBuildConfiguration;
			baseConfigurationReference = E8CE850440A390A8C680A607 /* Pods-SPS.debug.xcconfig */;
			buildSettings = {
				ASSETCATALOG_COMPILER_APPICON_NAME = AppIcon;
				DEVELOPMENT_TEAM = 4GA57MT5DC;
				INFOPLIST_FILE = SPS/Info.plist;
				LD_RUNPATH_SEARCH_PATHS = "$(inherited) @executable_path/Frameworks";
				PRODUCT_BUNDLE_IDENTIFIER = com.yamanjaiouch.SPS;
				PRODUCT_NAME = "$(TARGET_NAME)";
				SWIFT_VERSION = 3.0;
			};
			name = Debug;
		};
		F8019A6F1DA44341009DF55D /* Release */ = {
			isa = XCBuildConfiguration;
			baseConfigurationReference = 631D728449DBAE97B04E87A8 /* Pods-SPS.release.xcconfig */;
			buildSettings = {
				ASSETCATALOG_COMPILER_APPICON_NAME = AppIcon;
				DEVELOPMENT_TEAM = 4GA57MT5DC;
				INFOPLIST_FILE = SPS/Info.plist;
				LD_RUNPATH_SEARCH_PATHS = "$(inherited) @executable_path/Frameworks";
				PRODUCT_BUNDLE_IDENTIFIER = com.yamanjaiouch.SPS;
				PRODUCT_NAME = "$(TARGET_NAME)";
				SWIFT_VERSION = 3.0;
			};
			name = Release;
		};
		F8019A711DA44341009DF55D /* Debug */ = {
			isa = XCBuildConfiguration;
			baseConfigurationReference = F4166BF9798BEBB00C4FD198 /* Pods-SPSTests.debug.xcconfig */;
			buildSettings = {
				ALWAYS_EMBED_SWIFT_STANDARD_LIBRARIES = YES;
				BUNDLE_LOADER = "$(TEST_HOST)";
				DEVELOPMENT_TEAM = 4GA57MT5DC;
				INFOPLIST_FILE = SPSTests/Info.plist;
				LD_RUNPATH_SEARCH_PATHS = "$(inherited) @executable_path/Frameworks @loader_path/Frameworks";
				PRODUCT_BUNDLE_IDENTIFIER = com.yamanjaiouch.SPSTests;
				PRODUCT_NAME = "$(TARGET_NAME)";
				SWIFT_VERSION = 3.0;
				TEST_HOST = "$(BUILT_PRODUCTS_DIR)/SPS.app/SPS";
			};
			name = Debug;
		};
		F8019A721DA44341009DF55D /* Release */ = {
			isa = XCBuildConfiguration;
			baseConfigurationReference = B10B8ABE7E72BA1118A71FBC /* Pods-SPSTests.release.xcconfig */;
			buildSettings = {
				ALWAYS_EMBED_SWIFT_STANDARD_LIBRARIES = YES;
				BUNDLE_LOADER = "$(TEST_HOST)";
				DEVELOPMENT_TEAM = 4GA57MT5DC;
				INFOPLIST_FILE = SPSTests/Info.plist;
				LD_RUNPATH_SEARCH_PATHS = "$(inherited) @executable_path/Frameworks @loader_path/Frameworks";
				PRODUCT_BUNDLE_IDENTIFIER = com.yamanjaiouch.SPSTests;
				PRODUCT_NAME = "$(TARGET_NAME)";
				SWIFT_VERSION = 3.0;
				TEST_HOST = "$(BUILT_PRODUCTS_DIR)/SPS.app/SPS";
			};
			name = Release;
		};
/* End XCBuildConfiguration section */

/* Begin XCConfigurationList section */
		F8019A4B1DA44341009DF55D /* Build configuration list for PBXProject "SPS" */ = {
			isa = XCConfigurationList;
			buildConfigurations = (
				F8019A6B1DA44341009DF55D /* Debug */,
				F8019A6C1DA44341009DF55D /* Release */,
			);
			defaultConfigurationIsVisible = 0;
			defaultConfigurationName = Release;
		};
		F8019A6D1DA44341009DF55D /* Build configuration list for PBXNativeTarget "SPS" */ = {
			isa = XCConfigurationList;
			buildConfigurations = (
				F8019A6E1DA44341009DF55D /* Debug */,
				F8019A6F1DA44341009DF55D /* Release */,
			);
			defaultConfigurationIsVisible = 0;
			defaultConfigurationName = Release;
		};
		F8019A701DA44341009DF55D /* Build configuration list for PBXNativeTarget "SPSTests" */ = {
			isa = XCConfigurationList;
			buildConfigurations = (
				F8019A711DA44341009DF55D /* Debug */,
				F8019A721DA44341009DF55D /* Release */,
			);
			defaultConfigurationIsVisible = 0;
			defaultConfigurationName = Release;
		};
/* End XCConfigurationList section */
	};
	rootObject = F8019A481DA44341009DF55D /* Project object */;
}
