// !$*UTF8*$!
{
	archiveVersion = 1;
	classes = {
	};
	objectVersion = 46;
	objects = {

/* Begin PBXBuildFile section */
		A41F014D27B3764522F31D01 /* Pods_SPS.framework in Frameworks */ = {isa = PBXBuildFile; fileRef = 219C81D67F82898F3BB9B110 /* Pods_SPS.framework */; };
		F8019A541DA44341009DF55D /* AppDelegate.swift in Sources */ = {isa = PBXBuildFile; fileRef = F8019A531DA44341009DF55D /* AppDelegate.swift */; };
		F8019A591DA44341009DF55D /* Main.storyboard in Resources */ = {isa = PBXBuildFile; fileRef = F8019A571DA44341009DF55D /* Main.storyboard */; };
		F8019A5B1DA44341009DF55D /* Assets.xcassets in Resources */ = {isa = PBXBuildFile; fileRef = F8019A5A1DA44341009DF55D /* Assets.xcassets */; };
		F8019A5E1DA44341009DF55D /* LaunchScreen.storyboard in Resources */ = {isa = PBXBuildFile; fileRef = F8019A5C1DA44341009DF55D /* LaunchScreen.storyboard */; };
		F8019A691DA44341009DF55D /* SPSTests.swift in Sources */ = {isa = PBXBuildFile; fileRef = F8019A681DA44341009DF55D /* SPSTests.swift */; };
		F8019A761DA44749009DF55D /* Proposal.swift in Sources */ = {isa = PBXBuildFile; fileRef = F8019A751DA44749009DF55D /* Proposal.swift */; };
		F8019A781DA447C8009DF55D /* Proposal+SWXMLHash.swift in Sources */ = {isa = PBXBuildFile; fileRef = F8019A771DA447C8009DF55D /* Proposal+SWXMLHash.swift */; };
		F8019A7D1DA588FA009DF55D /* Result.swift in Sources */ = {isa = PBXBuildFile; fileRef = F8019A7C1DA588FA009DF55D /* Result.swift */; };
		F8019A801DA58A2B009DF55D /* ProposalsStatusService.swift in Sources */ = {isa = PBXBuildFile; fileRef = F8019A7F1DA58A2B009DF55D /* ProposalsStatusService.swift */; };
		F8019A821DA5962C009DF55D /* Proposal+Realm.swift in Sources */ = {isa = PBXBuildFile; fileRef = F8019A811DA5962C009DF55D /* Proposal+Realm.swift */; };
		F8019A841DA59D48009DF55D /* RealmObjectConvertible.swift in Sources */ = {isa = PBXBuildFile; fileRef = F8019A831DA59D48009DF55D /* RealmObjectConvertible.swift */; };
		F8019A861DA59EEF009DF55D /* ProposalsStatusSynchronizer.swift in Sources */ = {isa = PBXBuildFile; fileRef = F8019A851DA59EEF009DF55D /* ProposalsStatusSynchronizer.swift */; };
		F8019A8B1DA90A1C009DF55D /* ProposalsViewController.swift in Sources */ = {isa = PBXBuildFile; fileRef = F8019A8A1DA90A1C009DF55D /* ProposalsViewController.swift */; };
		F8019A8D1DA90A3A009DF55D /* ProposalsViewCoordinator.swift in Sources */ = {isa = PBXBuildFile; fileRef = F8019A8C1DA90A3A009DF55D /* ProposalsViewCoordinator.swift */; };
		F8019A901DA91956009DF55D /* Realm+Rx.swift in Sources */ = {isa = PBXBuildFile; fileRef = F8019A8F1DA91956009DF55D /* Realm+Rx.swift */; };
		F8019A921DA91EBD009DF55D /* ProposalViewModel.swift in Sources */ = {isa = PBXBuildFile; fileRef = F8019A911DA91EBD009DF55D /* ProposalViewModel.swift */; };
		F8019A941DA938A4009DF55D /* ProposalDetailViewController.swift in Sources */ = {isa = PBXBuildFile; fileRef = F8019A931DA938A4009DF55D /* ProposalDetailViewController.swift */; };
		F82043F01DAAF9F2006741F8 /* ProposalChange+Realm.swift in Sources */ = {isa = PBXBuildFile; fileRef = F82043EF1DAAF9F2006741F8 /* ProposalChange+Realm.swift */; };
		F82043F31DAB0993006741F8 /* ProposalsHistoryViewController.swift in Sources */ = {isa = PBXBuildFile; fileRef = F82043F21DAB0993006741F8 /* ProposalsHistoryViewController.swift */; };
		F82043F61DAC092B006741F8 /* ProposalHistoryTableViewCell.swift in Sources */ = {isa = PBXBuildFile; fileRef = F82043F51DAC092B006741F8 /* ProposalHistoryTableViewCell.swift */; };
		F82043F81DAC0A06006741F8 /* ProposalChangeViewModel.swift in Sources */ = {isa = PBXBuildFile; fileRef = F82043F71DAC0A06006741F8 /* ProposalChangeViewModel.swift */; };
		F82043FA1DAC0CB0006741F8 /* ProposalsHistoryViewCoordinator.swift in Sources */ = {isa = PBXBuildFile; fileRef = F82043F91DAC0CB0006741F8 /* ProposalsHistoryViewCoordinator.swift */; };
		F82043FC1DAC0D36006741F8 /* ProposalChangeViewModel+Rx.swift in Sources */ = {isa = PBXBuildFile; fileRef = F82043FB1DAC0D36006741F8 /* ProposalChangeViewModel+Rx.swift */; };
		F82043FE1DAD563B006741F8 /* ProposalsStatusNotifier.swift in Sources */ = {isa = PBXBuildFile; fileRef = F82043FD1DAD563B006741F8 /* ProposalsStatusNotifier.swift */; };
		F82044001DAD5ABF006741F8 /* UNNotificationCenter+Rx.swift in Sources */ = {isa = PBXBuildFile; fileRef = F82043FF1DAD5ABF006741F8 /* UNNotificationCenter+Rx.swift */; };
		F82044021DAD9480006741F8 /* ApplicationRouter.swift in Sources */ = {isa = PBXBuildFile; fileRef = F82044011DAD9480006741F8 /* ApplicationRouter.swift */; };
		F84C31601DA9753C0013AD2C /* ApplicationController.swift in Sources */ = {isa = PBXBuildFile; fileRef = F84C315F1DA9753C0013AD2C /* ApplicationController.swift */; };
		F84C31631DA97D610013AD2C /* Section.swift in Sources */ = {isa = PBXBuildFile; fileRef = F84C31621DA97D610013AD2C /* Section.swift */; };
		F84C31651DA98E960013AD2C /* ProposalStatus+UI.swift in Sources */ = {isa = PBXBuildFile; fileRef = F84C31641DA98E960013AD2C /* ProposalStatus+UI.swift */; };
		F84C31671DA9946B0013AD2C /* Section+Rx.swift in Sources */ = {isa = PBXBuildFile; fileRef = F84C31661DA9946B0013AD2C /* Section+Rx.swift */; };
		F84C31691DA9A3C80013AD2C /* ProposalViewModel+Rx.swift in Sources */ = {isa = PBXBuildFile; fileRef = F84C31681DA9A3C80013AD2C /* ProposalViewModel+Rx.swift */; };
		F868D6C81DA9B4D900D7C1C3 /* Proposal+Differential.swift in Sources */ = {isa = PBXBuildFile; fileRef = F868D6C71DA9B4D900D7C1C3 /* Proposal+Differential.swift */; };
		F868D6CA1DAA41E400D7C1C3 /* RGB.swift in Sources */ = {isa = PBXBuildFile; fileRef = F868D6C91DAA41E400D7C1C3 /* RGB.swift */; };
		F868D6CC1DAA429E00D7C1C3 /* UIColor+RGB.swift in Sources */ = {isa = PBXBuildFile; fileRef = F868D6CB1DAA429E00D7C1C3 /* UIColor+RGB.swift */; };
		F868D6D31DAA4B4E00D7C1C3 /* ProposalsTableViewCell.swift in Sources */ = {isa = PBXBuildFile; fileRef = F868D6D21DAA4B4E00D7C1C3 /* ProposalsTableViewCell.swift */; };
		F8990FB91DAA85BF00008213 /* ActivityIndicator.swift in Sources */ = {isa = PBXBuildFile; fileRef = F8990FB81DAA85BF00008213 /* ActivityIndicator.swift */; };
		F8DAFA531DC6670100B78D59 /* RxView.swift in Sources */ = {isa = PBXBuildFile; fileRef = F8DAFA521DC6670100B78D59 /* RxView.swift */; };
/* End PBXBuildFile section */

/* Begin PBXContainerItemProxy section */
		F8019A651DA44341009DF55D /* PBXContainerItemProxy */ = {
			isa = PBXContainerItemProxy;
			containerPortal = F8019A481DA44341009DF55D /* Project object */;
			proxyType = 1;
			remoteGlobalIDString = F8019A4F1DA44341009DF55D;
			remoteInfo = SPS;
		};
/* End PBXContainerItemProxy section */

/* Begin PBXFileReference section */
		0FD4F89698B211F2E330ED39 /* Pods_SPSTests.framework */ = {isa = PBXFileReference; explicitFileType = wrapper.framework; includeInIndex = 0; path = Pods_SPSTests.framework; sourceTree = BUILT_PRODUCTS_DIR; };
		219C81D67F82898F3BB9B110 /* Pods_SPS.framework */ = {isa = PBXFileReference; explicitFileType = wrapper.framework; includeInIndex = 0; path = Pods_SPS.framework; sourceTree = BUILT_PRODUCTS_DIR; };
		631D728449DBAE97B04E87A8 /* Pods-SPS.release.xcconfig */ = {isa = PBXFileReference; includeInIndex = 1; lastKnownFileType = text.xcconfig; name = "Pods-SPS.release.xcconfig"; path = "Pods/Target Support Files/Pods-SPS/Pods-SPS.release.xcconfig"; sourceTree = "<group>"; };
		E8CE850440A390A8C680A607 /* Pods-SPS.debug.xcconfig */ = {isa = PBXFileReference; includeInIndex = 1; lastKnownFileType = text.xcconfig; name = "Pods-SPS.debug.xcconfig"; path = "Pods/Target Support Files/Pods-SPS/Pods-SPS.debug.xcconfig"; sourceTree = "<group>"; };
		F8019A501DA44341009DF55D /* SPS.app */ = {isa = PBXFileReference; explicitFileType = wrapper.application; includeInIndex = 0; path = SPS.app; sourceTree = BUILT_PRODUCTS_DIR; };
		F8019A531DA44341009DF55D /* AppDelegate.swift */ = {isa = PBXFileReference; lastKnownFileType = sourcecode.swift; path = AppDelegate.swift; sourceTree = "<group>"; };
		F8019A581DA44341009DF55D /* Base */ = {isa = PBXFileReference; lastKnownFileType = file.storyboard; name = Base; path = Base.lproj/Main.storyboard; sourceTree = "<group>"; };
		F8019A5A1DA44341009DF55D /* Assets.xcassets */ = {isa = PBXFileReference; lastKnownFileType = folder.assetcatalog; path = Assets.xcassets; sourceTree = "<group>"; };
		F8019A5D1DA44341009DF55D /* Base */ = {isa = PBXFileReference; lastKnownFileType = file.storyboard; name = Base; path = Base.lproj/LaunchScreen.storyboard; sourceTree = "<group>"; };
		F8019A5F1DA44341009DF55D /* Info.plist */ = {isa = PBXFileReference; lastKnownFileType = text.plist.xml; path = Info.plist; sourceTree = "<group>"; };
		F8019A641DA44341009DF55D /* SPSTests.xctest */ = {isa = PBXFileReference; explicitFileType = wrapper.cfbundle; includeInIndex = 0; path = SPSTests.xctest; sourceTree = BUILT_PRODUCTS_DIR; };
		F8019A681DA44341009DF55D /* SPSTests.swift */ = {isa = PBXFileReference; lastKnownFileType = sourcecode.swift; path = SPSTests.swift; sourceTree = "<group>"; };
		F8019A6A1DA44341009DF55D /* Info.plist */ = {isa = PBXFileReference; lastKnownFileType = text.plist.xml; path = Info.plist; sourceTree = "<group>"; };
		F8019A751DA44749009DF55D /* Proposal.swift */ = {isa = PBXFileReference; fileEncoding = 4; lastKnownFileType = sourcecode.swift; path = Proposal.swift; sourceTree = "<group>"; };
		F8019A771DA447C8009DF55D /* Proposal+SWXMLHash.swift */ = {isa = PBXFileReference; fileEncoding = 4; lastKnownFileType = sourcecode.swift; path = "Proposal+SWXMLHash.swift"; sourceTree = "<group>"; };
		F8019A7C1DA588FA009DF55D /* Result.swift */ = {isa = PBXFileReference; fileEncoding = 4; lastKnownFileType = sourcecode.swift; path = Result.swift; sourceTree = "<group>"; };
		F8019A7F1DA58A2B009DF55D /* ProposalsStatusService.swift */ = {isa = PBXFileReference; fileEncoding = 4; lastKnownFileType = sourcecode.swift; path = ProposalsStatusService.swift; sourceTree = "<group>"; };
		F8019A811DA5962C009DF55D /* Proposal+Realm.swift */ = {isa = PBXFileReference; fileEncoding = 4; lastKnownFileType = sourcecode.swift; path = "Proposal+Realm.swift"; sourceTree = "<group>"; };
		F8019A831DA59D48009DF55D /* RealmObjectConvertible.swift */ = {isa = PBXFileReference; fileEncoding = 4; lastKnownFileType = sourcecode.swift; path = RealmObjectConvertible.swift; sourceTree = "<group>"; };
		F8019A851DA59EEF009DF55D /* ProposalsStatusSynchronizer.swift */ = {isa = PBXFileReference; fileEncoding = 4; lastKnownFileType = sourcecode.swift; path = ProposalsStatusSynchronizer.swift; sourceTree = "<group>"; };
		F8019A8A1DA90A1C009DF55D /* ProposalsViewController.swift */ = {isa = PBXFileReference; fileEncoding = 4; lastKnownFileType = sourcecode.swift; path = ProposalsViewController.swift; sourceTree = "<group>"; };
		F8019A8C1DA90A3A009DF55D /* ProposalsViewCoordinator.swift */ = {isa = PBXFileReference; fileEncoding = 4; lastKnownFileType = sourcecode.swift; path = ProposalsViewCoordinator.swift; sourceTree = "<group>"; };
		F8019A8F1DA91956009DF55D /* Realm+Rx.swift */ = {isa = PBXFileReference; fileEncoding = 4; lastKnownFileType = sourcecode.swift; path = "Realm+Rx.swift"; sourceTree = "<group>"; };
		F8019A911DA91EBD009DF55D /* ProposalViewModel.swift */ = {isa = PBXFileReference; fileEncoding = 4; lastKnownFileType = sourcecode.swift; path = ProposalViewModel.swift; sourceTree = "<group>"; };
		F8019A931DA938A4009DF55D /* ProposalDetailViewController.swift */ = {isa = PBXFileReference; fileEncoding = 4; lastKnownFileType = sourcecode.swift; path = ProposalDetailViewController.swift; sourceTree = "<group>"; };
		F82043EF1DAAF9F2006741F8 /* ProposalChange+Realm.swift */ = {isa = PBXFileReference; fileEncoding = 4; lastKnownFileType = sourcecode.swift; path = "ProposalChange+Realm.swift"; sourceTree = "<group>"; };
		F82043F21DAB0993006741F8 /* ProposalsHistoryViewController.swift */ = {isa = PBXFileReference; fileEncoding = 4; lastKnownFileType = sourcecode.swift; path = ProposalsHistoryViewController.swift; sourceTree = "<group>"; };
		F82043F51DAC092B006741F8 /* ProposalHistoryTableViewCell.swift */ = {isa = PBXFileReference; fileEncoding = 4; lastKnownFileType = sourcecode.swift; path = ProposalHistoryTableViewCell.swift; sourceTree = "<group>"; };
		F82043F71DAC0A06006741F8 /* ProposalChangeViewModel.swift */ = {isa = PBXFileReference; fileEncoding = 4; lastKnownFileType = sourcecode.swift; path = ProposalChangeViewModel.swift; sourceTree = "<group>"; };
		F82043F91DAC0CB0006741F8 /* ProposalsHistoryViewCoordinator.swift */ = {isa = PBXFileReference; fileEncoding = 4; lastKnownFileType = sourcecode.swift; path = ProposalsHistoryViewCoordinator.swift; sourceTree = "<group>"; };
		F82043FB1DAC0D36006741F8 /* ProposalChangeViewModel+Rx.swift */ = {isa = PBXFileReference; fileEncoding = 4; lastKnownFileType = sourcecode.swift; path = "ProposalChangeViewModel+Rx.swift"; sourceTree = "<group>"; };
		F82043FD1DAD563B006741F8 /* ProposalsStatusNotifier.swift */ = {isa = PBXFileReference; fileEncoding = 4; lastKnownFileType = sourcecode.swift; path = ProposalsStatusNotifier.swift; sourceTree = "<group>"; };
		F82043FF1DAD5ABF006741F8 /* UNNotificationCenter+Rx.swift */ = {isa = PBXFileReference; fileEncoding = 4; lastKnownFileType = sourcecode.swift; path = "UNNotificationCenter+Rx.swift"; sourceTree = "<group>"; };
		F82044011DAD9480006741F8 /* ApplicationRouter.swift */ = {isa = PBXFileReference; fileEncoding = 4; lastKnownFileType = sourcecode.swift; path = ApplicationRouter.swift; sourceTree = "<group>"; };
		F84C315F1DA9753C0013AD2C /* ApplicationController.swift */ = {isa = PBXFileReference; fileEncoding = 4; lastKnownFileType = sourcecode.swift; path = ApplicationController.swift; sourceTree = "<group>"; };
		F84C31621DA97D610013AD2C /* Section.swift */ = {isa = PBXFileReference; fileEncoding = 4; lastKnownFileType = sourcecode.swift; path = Section.swift; sourceTree = "<group>"; };
		F84C31641DA98E960013AD2C /* ProposalStatus+UI.swift */ = {isa = PBXFileReference; fileEncoding = 4; lastKnownFileType = sourcecode.swift; path = "ProposalStatus+UI.swift"; sourceTree = "<group>"; };
		F84C31661DA9946B0013AD2C /* Section+Rx.swift */ = {isa = PBXFileReference; fileEncoding = 4; lastKnownFileType = sourcecode.swift; path = "Section+Rx.swift"; sourceTree = "<group>"; };
		F84C31681DA9A3C80013AD2C /* ProposalViewModel+Rx.swift */ = {isa = PBXFileReference; fileEncoding = 4; lastKnownFileType = sourcecode.swift; path = "ProposalViewModel+Rx.swift"; sourceTree = "<group>"; };
		F868D6C71DA9B4D900D7C1C3 /* Proposal+Differential.swift */ = {isa = PBXFileReference; fileEncoding = 4; lastKnownFileType = sourcecode.swift; path = "Proposal+Differential.swift"; sourceTree = "<group>"; };
		F868D6C91DAA41E400D7C1C3 /* RGB.swift */ = {isa = PBXFileReference; fileEncoding = 4; lastKnownFileType = sourcecode.swift; path = RGB.swift; sourceTree = "<group>"; };
		F868D6CB1DAA429E00D7C1C3 /* UIColor+RGB.swift */ = {isa = PBXFileReference; fileEncoding = 4; lastKnownFileType = sourcecode.swift; path = "UIColor+RGB.swift"; sourceTree = "<group>"; };
		F868D6D21DAA4B4E00D7C1C3 /* ProposalsTableViewCell.swift */ = {isa = PBXFileReference; fileEncoding = 4; lastKnownFileType = sourcecode.swift; path = ProposalsTableViewCell.swift; sourceTree = "<group>"; };
		F8990FB81DAA85BF00008213 /* ActivityIndicator.swift */ = {isa = PBXFileReference; fileEncoding = 4; lastKnownFileType = sourcecode.swift; path = ActivityIndicator.swift; sourceTree = "<group>"; };
		F8DAFA521DC6670100B78D59 /* RxView.swift */ = {isa = PBXFileReference; fileEncoding = 4; lastKnownFileType = sourcecode.swift; path = RxView.swift; sourceTree = "<group>"; };
/* End PBXFileReference section */

/* Begin PBXFrameworksBuildPhase section */
		F8019A4D1DA44341009DF55D /* Frameworks */ = {
			isa = PBXFrameworksBuildPhase;
			buildActionMask = 2147483647;
			files = (
				A41F014D27B3764522F31D01 /* Pods_SPS.framework in Frameworks */,
			);
			runOnlyForDeploymentPostprocessing = 0;
		};
		F8019A611DA44341009DF55D /* Frameworks */ = {
			isa = PBXFrameworksBuildPhase;
			buildActionMask = 2147483647;
			files = (
			);
			runOnlyForDeploymentPostprocessing = 0;
		};
/* End PBXFrameworksBuildPhase section */

/* Begin PBXGroup section */
		972ABEF3EAF40F9F28BC1E46 /* Pods */ = {
			isa = PBXGroup;
			children = (
				E8CE850440A390A8C680A607 /* Pods-SPS.debug.xcconfig */,
				631D728449DBAE97B04E87A8 /* Pods-SPS.release.xcconfig */,
			);
			name = Pods;
			sourceTree = "<group>";
		};
		C32B9CEF4E3F7C6992FDF8BD /* Frameworks */ = {
			isa = PBXGroup;
			children = (
				219C81D67F82898F3BB9B110 /* Pods_SPS.framework */,
				0FD4F89698B211F2E330ED39 /* Pods_SPSTests.framework */,
			);
			name = Frameworks;
			sourceTree = "<group>";
		};
		F8019A471DA44341009DF55D = {
			isa = PBXGroup;
			children = (
				F8019A521DA44341009DF55D /* SPS */,
				F8019A671DA44341009DF55D /* SPSTests */,
				F8019A511DA44341009DF55D /* Products */,
				972ABEF3EAF40F9F28BC1E46 /* Pods */,
				C32B9CEF4E3F7C6992FDF8BD /* Frameworks */,
			);
			sourceTree = "<group>";
		};
		F8019A511DA44341009DF55D /* Products */ = {
			isa = PBXGroup;
			children = (
				F8019A501DA44341009DF55D /* SPS.app */,
				F8019A641DA44341009DF55D /* SPSTests.xctest */,
			);
			name = Products;
			sourceTree = "<group>";
		};
		F8019A521DA44341009DF55D /* SPS */ = {
			isa = PBXGroup;
			children = (
				F8019A531DA44341009DF55D /* AppDelegate.swift */,
				F84C315F1DA9753C0013AD2C /* ApplicationController.swift */,
				F82044011DAD9480006741F8 /* ApplicationRouter.swift */,
				F8019A571DA44341009DF55D /* Main.storyboard */,
				F8019A5C1DA44341009DF55D /* LaunchScreen.storyboard */,
				F8019A891DA909F1009DF55D /* App modules */,
				F8019A7E1DA58A0C009DF55D /* Network Layer */,
				F8019A741DA4473E009DF55D /* Model layer */,
				F8019A7A1DA588E4009DF55D /* Common */,
				F8019A731DA44707009DF55D /* Resources */,
			);
			path = SPS;
			sourceTree = "<group>";
		};
		F8019A671DA44341009DF55D /* SPSTests */ = {
			isa = PBXGroup;
			children = (
				F8019A681DA44341009DF55D /* SPSTests.swift */,
				F8019A6A1DA44341009DF55D /* Info.plist */,
			);
			path = SPSTests;
			sourceTree = "<group>";
		};
		F8019A731DA44707009DF55D /* Resources */ = {
			isa = PBXGroup;
			children = (
				F8019A5A1DA44341009DF55D /* Assets.xcassets */,
				F8019A5F1DA44341009DF55D /* Info.plist */,
			);
			path = Resources;
			sourceTree = "<group>";
		};
		F8019A741DA4473E009DF55D /* Model layer */ = {
			isa = PBXGroup;
			children = (
				F8019A831DA59D48009DF55D /* RealmObjectConvertible.swift */,
				F8019A751DA44749009DF55D /* Proposal.swift */,
				F8019A811DA5962C009DF55D /* Proposal+Realm.swift */,
				F8019A771DA447C8009DF55D /* Proposal+SWXMLHash.swift */,
				F84C31641DA98E960013AD2C /* ProposalStatus+UI.swift */,
				F868D6C71DA9B4D900D7C1C3 /* Proposal+Differential.swift */,
				F82043EF1DAAF9F2006741F8 /* ProposalChange+Realm.swift */,
			);
			path = "Model layer";
			sourceTree = "<group>";
		};
		F8019A7A1DA588E4009DF55D /* Common */ = {
			isa = PBXGroup;
			children = (
				F80EA7431DBEA3A400E1B74E /* Views */,
				F84C31611DA97D5A0013AD2C /* Generics */,
				F8019A8E1DA9194C009DF55D /* Extensions */,
				F8019A7B1DA588F2009DF55D /* Enums */,
			);
			path = Common;
			sourceTree = "<group>";
		};
		F8019A7B1DA588F2009DF55D /* Enums */ = {
			isa = PBXGroup;
			children = (
				F8019A7C1DA588FA009DF55D /* Result.swift */,
			);
			path = Enums;
			sourceTree = "<group>";
		};
		F8019A7E1DA58A0C009DF55D /* Network Layer */ = {
			isa = PBXGroup;
			children = (
				F8019A7F1DA58A2B009DF55D /* ProposalsStatusService.swift */,
				F8019A851DA59EEF009DF55D /* ProposalsStatusSynchronizer.swift */,
				F82043FD1DAD563B006741F8 /* ProposalsStatusNotifier.swift */,
			);
			path = "Network Layer";
			sourceTree = "<group>";
		};
		F8019A891DA909F1009DF55D /* App modules */ = {
			isa = PBXGroup;
			children = (
				F8019A911DA91EBD009DF55D /* ProposalViewModel.swift */,
				F84C31681DA9A3C80013AD2C /* ProposalViewModel+Rx.swift */,
				F82043F71DAC0A06006741F8 /* ProposalChangeViewModel.swift */,
				F82043FB1DAC0D36006741F8 /* ProposalChangeViewModel+Rx.swift */,
				F868D6D01DAA4ACE00D7C1C3 /* Proposals */,
				F868D6D11DAA4B1100D7C1C3 /* Proposal detail */,
				F82043F11DAB0974006741F8 /* Proposals history */,
			);
			path = "App modules";
			sourceTree = "<group>";
		};
		F8019A8E1DA9194C009DF55D /* Extensions */ = {
			isa = PBXGroup;
			children = (
				F8019A8F1DA91956009DF55D /* Realm+Rx.swift */,
				F868D6CB1DAA429E00D7C1C3 /* UIColor+RGB.swift */,
				F82043FF1DAD5ABF006741F8 /* UNNotificationCenter+Rx.swift */,
			);
			path = Extensions;
			sourceTree = "<group>";
		};
		F80EA7431DBEA3A400E1B74E /* Views */ = {
			isa = PBXGroup;
			children = (
			);
			path = Views;
			sourceTree = "<group>";
		};
		F82043F11DAB0974006741F8 /* Proposals history */ = {
			isa = PBXGroup;
			children = (
				F82043F21DAB0993006741F8 /* ProposalsHistoryViewController.swift */,
				F82043F91DAC0CB0006741F8 /* ProposalsHistoryViewCoordinator.swift */,
				F82043F51DAC092B006741F8 /* ProposalHistoryTableViewCell.swift */,
			);
			path = "Proposals history";
			sourceTree = "<group>";
		};
		F84C31611DA97D5A0013AD2C /* Generics */ = {
			isa = PBXGroup;
			children = (
				F84C31621DA97D610013AD2C /* Section.swift */,
				F84C31661DA9946B0013AD2C /* Section+Rx.swift */,
				F868D6C91DAA41E400D7C1C3 /* RGB.swift */,
				F8990FB81DAA85BF00008213 /* ActivityIndicator.swift */,
				F8DAFA521DC6670100B78D59 /* RxView.swift */,
			);
			path = Generics;
			sourceTree = "<group>";
		};
		F868D6D01DAA4ACE00D7C1C3 /* Proposals */ = {
			isa = PBXGroup;
			children = (
				F8019A8A1DA90A1C009DF55D /* ProposalsViewController.swift */,
				F8019A8C1DA90A3A009DF55D /* ProposalsViewCoordinator.swift */,
				F868D6D21DAA4B4E00D7C1C3 /* ProposalsTableViewCell.swift */,
			);
			path = Proposals;
			sourceTree = "<group>";
		};
		F868D6D11DAA4B1100D7C1C3 /* Proposal detail */ = {
			isa = PBXGroup;
			children = (
				F8019A931DA938A4009DF55D /* ProposalDetailViewController.swift */,
			);
			path = "Proposal detail";
			sourceTree = "<group>";
		};
/* End PBXGroup section */

/* Begin PBXNativeTarget section */
		F8019A4F1DA44341009DF55D /* SPS */ = {
			isa = PBXNativeTarget;
			buildConfigurationList = F8019A6D1DA44341009DF55D /* Build configuration list for PBXNativeTarget "SPS" */;
			buildPhases = (
				F70E277B02AE2B171C4286ED /* [CP] Check Pods Manifest.lock */,
				F8019A4C1DA44341009DF55D /* Sources */,
				F8019A4D1DA44341009DF55D /* Frameworks */,
				F8019A4E1DA44341009DF55D /* Resources */,
				48B65A81FB47E2F5108B771A /* [CP] Embed Pods Frameworks */,
				E53C8E90F53182EEE93F7E67 /* [CP] Copy Pods Resources */,
				F82043F41DAC01DE006741F8 /* ShellScript */,
			);
			buildRules = (
			);
			dependencies = (
			);
			name = SPS;
			productName = SPS;
			productReference = F8019A501DA44341009DF55D /* SPS.app */;
			productType = "com.apple.product-type.application";
		};
		F8019A631DA44341009DF55D /* SPSTests */ = {
			isa = PBXNativeTarget;
			buildConfigurationList = F8019A701DA44341009DF55D /* Build configuration list for PBXNativeTarget "SPSTests" */;
			buildPhases = (
				F8019A601DA44341009DF55D /* Sources */,
				F8019A611DA44341009DF55D /* Frameworks */,
				F8019A621DA44341009DF55D /* Resources */,
			);
			buildRules = (
			);
			dependencies = (
				F8019A661DA44341009DF55D /* PBXTargetDependency */,
			);
			name = SPSTests;
			productName = SPSTests;
			productReference = F8019A641DA44341009DF55D /* SPSTests.xctest */;
			productType = "com.apple.product-type.bundle.unit-test";
		};
/* End PBXNativeTarget section */

/* Begin PBXProject section */
		F8019A481DA44341009DF55D /* Project object */ = {
			isa = PBXProject;
			attributes = {
				LastSwiftUpdateCheck = 0800;
				LastUpgradeCheck = 0800;
				ORGANIZATIONNAME = "Yaman JAIOUCH";
				TargetAttributes = {
					F8019A4F1DA44341009DF55D = {
						CreatedOnToolsVersion = 8.0;
						DevelopmentTeam = 4GA57MT5DC;
						ProvisioningStyle = Automatic;
						SystemCapabilities = {
							com.apple.BackgroundModes = {
								enabled = 1;
							};
						};
					};
					F8019A631DA44341009DF55D = {
						CreatedOnToolsVersion = 8.0;
						DevelopmentTeam = 4GA57MT5DC;
						ProvisioningStyle = Automatic;
						TestTargetID = F8019A4F1DA44341009DF55D;
					};
				};
			};
			buildConfigurationList = F8019A4B1DA44341009DF55D /* Build configuration list for PBXProject "SPS" */;
			compatibilityVersion = "Xcode 3.2";
			developmentRegion = English;
			hasScannedForEncodings = 0;
			knownRegions = (
				en,
				Base,
			);
			mainGroup = F8019A471DA44341009DF55D;
			productRefGroup = F8019A511DA44341009DF55D /* Products */;
			projectDirPath = "";
			projectRoot = "";
			targets = (
				F8019A4F1DA44341009DF55D /* SPS */,
				F8019A631DA44341009DF55D /* SPSTests */,
			);
		};
/* End PBXProject section */

/* Begin PBXResourcesBuildPhase section */
		F8019A4E1DA44341009DF55D /* Resources */ = {
			isa = PBXResourcesBuildPhase;
			buildActionMask = 2147483647;
			files = (
				F8019A5E1DA44341009DF55D /* LaunchScreen.storyboard in Resources */,
				F8019A5B1DA44341009DF55D /* Assets.xcassets in Resources */,
				F8019A591DA44341009DF55D /* Main.storyboard in Resources */,
			);
			runOnlyForDeploymentPostprocessing = 0;
		};
		F8019A621DA44341009DF55D /* Resources */ = {
			isa = PBXResourcesBuildPhase;
			buildActionMask = 2147483647;
			files = (
			);
			runOnlyForDeploymentPostprocessing = 0;
		};
/* End PBXResourcesBuildPhase section */

/* Begin PBXShellScriptBuildPhase section */
		48B65A81FB47E2F5108B771A /* [CP] Embed Pods Frameworks */ = {
			isa = PBXShellScriptBuildPhase;
			buildActionMask = 2147483647;
			files = (
			);
			inputPaths = (
			);
			name = "[CP] Embed Pods Frameworks";
			outputPaths = (
			);
			runOnlyForDeploymentPostprocessing = 0;
			shellPath = /bin/sh;
			shellScript = "\"${SRCROOT}/Pods/Target Support Files/Pods-SPS/Pods-SPS-frameworks.sh\"\n";
			showEnvVarsInLog = 0;
		};
		E53C8E90F53182EEE93F7E67 /* [CP] Copy Pods Resources */ = {
			isa = PBXShellScriptBuildPhase;
			buildActionMask = 2147483647;
			files = (
			);
			inputPaths = (
			);
			name = "[CP] Copy Pods Resources";
			outputPaths = (
			);
			runOnlyForDeploymentPostprocessing = 0;
			shellPath = /bin/sh;
			shellScript = "\"${SRCROOT}/Pods/Target Support Files/Pods-SPS/Pods-SPS-resources.sh\"\n";
			showEnvVarsInLog = 0;
		};
		F70E277B02AE2B171C4286ED /* [CP] Check Pods Manifest.lock */ = {
			isa = PBXShellScriptBuildPhase;
			buildActionMask = 2147483647;
			files = (
			);
			inputPaths = (
			);
			name = "[CP] Check Pods Manifest.lock";
			outputPaths = (
			);
			runOnlyForDeploymentPostprocessing = 0;
			shellPath = /bin/sh;
			shellScript = "diff \"${PODS_ROOT}/../Podfile.lock\" \"${PODS_ROOT}/Manifest.lock\" > /dev/null\nif [ $? != 0 ] ; then\n    # print error to STDERR\n    echo \"error: The sandbox is not in sync with the Podfile.lock. Run 'pod install' or update your CocoaPods installation.\" >&2\n    exit 1\nfi\n";
			showEnvVarsInLog = 0;
		};
		F82043F41DAC01DE006741F8 /* ShellScript */ = {
			isa = PBXShellScriptBuildPhase;
			buildActionMask = 12;
			files = (
			);
			inputPaths = (
			);
			outputPaths = (
			);
			runOnlyForDeploymentPostprocessing = 0;
			shellPath = /bin/sh;
			shellScript = "\"${PODS_ROOT}/Fabric/run\" aebf23e3bcb084fd215d182a81ad371a367f57da d1499f8b0f9f87c8c44477e8ba59db308584a93af2d01565d9985d7eb846e009";
		};
/* End PBXShellScriptBuildPhase section */

/* Begin PBXSourcesBuildPhase section */
		F8019A4C1DA44341009DF55D /* Sources */ = {
			isa = PBXSourcesBuildPhase;
			buildActionMask = 2147483647;
			files = (
				F8019A8B1DA90A1C009DF55D /* ProposalsViewController.swift in Sources */,
				F8019A941DA938A4009DF55D /* ProposalDetailViewController.swift in Sources */,
				F8019A861DA59EEF009DF55D /* ProposalsStatusSynchronizer.swift in Sources */,
				F868D6CC1DAA429E00D7C1C3 /* UIColor+RGB.swift in Sources */,
				F8990FB91DAA85BF00008213 /* ActivityIndicator.swift in Sources */,
				F84C31671DA9946B0013AD2C /* Section+Rx.swift in Sources */,
				F8019A7D1DA588FA009DF55D /* Result.swift in Sources */,
				F82043FE1DAD563B006741F8 /* ProposalsStatusNotifier.swift in Sources */,
				F82043F61DAC092B006741F8 /* ProposalHistoryTableViewCell.swift in Sources */,
				F8DAFA531DC6670100B78D59 /* RxView.swift in Sources */,
				F8019A781DA447C8009DF55D /* Proposal+SWXMLHash.swift in Sources */,
				F8019A801DA58A2B009DF55D /* ProposalsStatusService.swift in Sources */,
				F8019A921DA91EBD009DF55D /* ProposalViewModel.swift in Sources */,
				F82044021DAD9480006741F8 /* ApplicationRouter.swift in Sources */,
				F8019A841DA59D48009DF55D /* RealmObjectConvertible.swift in Sources */,
				F82043F01DAAF9F2006741F8 /* ProposalChange+Realm.swift in Sources */,
				F84C31601DA9753C0013AD2C /* ApplicationController.swift in Sources */,
				F8019A901DA91956009DF55D /* Realm+Rx.swift in Sources */,
				F82043F31DAB0993006741F8 /* ProposalsHistoryViewController.swift in Sources */,
				F8019A541DA44341009DF55D /* AppDelegate.swift in Sources */,
				F82043F81DAC0A06006741F8 /* ProposalChangeViewModel.swift in Sources */,
				F8019A821DA5962C009DF55D /* Proposal+Realm.swift in Sources */,
				F82043FC1DAC0D36006741F8 /* ProposalChangeViewModel+Rx.swift in Sources */,
				F84C31631DA97D610013AD2C /* Section.swift in Sources */,
				F8019A8D1DA90A3A009DF55D /* ProposalsViewCoordinator.swift in Sources */,
				F82044001DAD5ABF006741F8 /* UNNotificationCenter+Rx.swift in Sources */,
				F82043FA1DAC0CB0006741F8 /* ProposalsHistoryViewCoordinator.swift in Sources */,
				F84C31651DA98E960013AD2C /* ProposalStatus+UI.swift in Sources */,
				F84C31691DA9A3C80013AD2C /* ProposalViewModel+Rx.swift in Sources */,
				F868D6CA1DAA41E400D7C1C3 /* RGB.swift in Sources */,
				F868D6C81DA9B4D900D7C1C3 /* Proposal+Differential.swift in Sources */,
				F868D6D31DAA4B4E00D7C1C3 /* ProposalsTableViewCell.swift in Sources */,
				F8019A761DA44749009DF55D /* Proposal.swift in Sources */,
			);
			runOnlyForDeploymentPostprocessing = 0;
		};
		F8019A601DA44341009DF55D /* Sources */ = {
			isa = PBXSourcesBuildPhase;
			buildActionMask = 2147483647;
			files = (
				F8019A691DA44341009DF55D /* SPSTests.swift in Sources */,
			);
			runOnlyForDeploymentPostprocessing = 0;
		};
/* End PBXSourcesBuildPhase section */

/* Begin PBXTargetDependency section */
		F8019A661DA44341009DF55D /* PBXTargetDependency */ = {
			isa = PBXTargetDependency;
			target = F8019A4F1DA44341009DF55D /* SPS */;
			targetProxy = F8019A651DA44341009DF55D /* PBXContainerItemProxy */;
		};
/* End PBXTargetDependency section */

/* Begin PBXVariantGroup section */
		F8019A571DA44341009DF55D /* Main.storyboard */ = {
			isa = PBXVariantGroup;
			children = (
				F8019A581DA44341009DF55D /* Base */,
			);
			name = Main.storyboard;
			sourceTree = "<group>";
		};
		F8019A5C1DA44341009DF55D /* LaunchScreen.storyboard */ = {
			isa = PBXVariantGroup;
			children = (
				F8019A5D1DA44341009DF55D /* Base */,
			);
			name = LaunchScreen.storyboard;
			sourceTree = "<group>";
		};
/* End PBXVariantGroup section */

/* Begin XCBuildConfiguration section */
		F8019A6B1DA44341009DF55D /* Debug */ = {
			isa = XCBuildConfiguration;
			buildSettings = {
				ALWAYS_SEARCH_USER_PATHS = NO;
				CLANG_ANALYZER_NONNULL = YES;
				CLANG_CXX_LANGUAGE_STANDARD = "gnu++0x";
				CLANG_CXX_LIBRARY = "libc++";
				CLANG_ENABLE_MODULES = YES;
				CLANG_ENABLE_OBJC_ARC = YES;
				CLANG_WARN_BOOL_CONVERSION = YES;
				CLANG_WARN_CONSTANT_CONVERSION = YES;
				CLANG_WARN_DIRECT_OBJC_ISA_USAGE = YES_ERROR;
				CLANG_WARN_DOCUMENTATION_COMMENTS = YES;
				CLANG_WARN_EMPTY_BODY = YES;
				CLANG_WARN_ENUM_CONVERSION = YES;
				CLANG_WARN_INFINITE_RECURSION = YES;
				CLANG_WARN_INT_CONVERSION = YES;
				CLANG_WARN_OBJC_ROOT_CLASS = YES_ERROR;
				CLANG_WARN_SUSPICIOUS_MOVES = YES;
				CLANG_WARN_UNREACHABLE_CODE = YES;
				CLANG_WARN__DUPLICATE_METHOD_MATCH = YES;
				"CODE_SIGN_IDENTITY[sdk=iphoneos*]" = "iPhone Developer";
				COPY_PHASE_STRIP = NO;
				DEBUG_INFORMATION_FORMAT = dwarf;
				ENABLE_STRICT_OBJC_MSGSEND = YES;
				ENABLE_TESTABILITY = YES;
				GCC_C_LANGUAGE_STANDARD = gnu99;
				GCC_DYNAMIC_NO_PIC = NO;
				GCC_NO_COMMON_BLOCKS = YES;
				GCC_OPTIMIZATION_LEVEL = 0;
				GCC_PREPROCESSOR_DEFINITIONS = (
					"DEBUG=1",
					"$(inherited)",
				);
				GCC_WARN_64_TO_32_BIT_CONVERSION = YES;
				GCC_WARN_ABOUT_RETURN_TYPE = YES_ERROR;
				GCC_WARN_UNDECLARED_SELECTOR = YES;
				GCC_WARN_UNINITIALIZED_AUTOS = YES_AGGRESSIVE;
				GCC_WARN_UNUSED_FUNCTION = YES;
				GCC_WARN_UNUSED_VARIABLE = YES;
				IPHONEOS_DEPLOYMENT_TARGET = 10.0;
				MTL_ENABLE_DEBUG_INFO = YES;
				ONLY_ACTIVE_ARCH = YES;
				SDKROOT = iphoneos;
				SWIFT_ACTIVE_COMPILATION_CONDITIONS = DEBUG;
				SWIFT_OPTIMIZATION_LEVEL = "-Onone";
				TARGETED_DEVICE_FAMILY = "1,2";
			};
			name = Debug;
		};
		F8019A6C1DA44341009DF55D /* Release */ = {
			isa = XCBuildConfiguration;
			buildSettings = {
				ALWAYS_SEARCH_USER_PATHS = NO;
				CLANG_ANALYZER_NONNULL = YES;
				CLANG_CXX_LANGUAGE_STANDARD = "gnu++0x";
				CLANG_CXX_LIBRARY = "libc++";
				CLANG_ENABLE_MODULES = YES;
				CLANG_ENABLE_OBJC_ARC = YES;
				CLANG_WARN_BOOL_CONVERSION = YES;
				CLANG_WARN_CONSTANT_CONVERSION = YES;
				CLANG_WARN_DIRECT_OBJC_ISA_USAGE = YES_ERROR;
				CLANG_WARN_DOCUMENTATION_COMMENTS = YES;
				CLANG_WARN_EMPTY_BODY = YES;
				CLANG_WARN_ENUM_CONVERSION = YES;
				CLANG_WARN_INFINITE_RECURSION = YES;
				CLANG_WARN_INT_CONVERSION = YES;
				CLANG_WARN_OBJC_ROOT_CLASS = YES_ERROR;
				CLANG_WARN_SUSPICIOUS_MOVES = YES;
				CLANG_WARN_UNREACHABLE_CODE = YES;
				CLANG_WARN__DUPLICATE_METHOD_MATCH = YES;
				"CODE_SIGN_IDENTITY[sdk=iphoneos*]" = "iPhone Developer";
				COPY_PHASE_STRIP = NO;
				DEBUG_INFORMATION_FORMAT = "dwarf-with-dsym";
				ENABLE_NS_ASSERTIONS = NO;
				ENABLE_STRICT_OBJC_MSGSEND = YES;
				GCC_C_LANGUAGE_STANDARD = gnu99;
				GCC_NO_COMMON_BLOCKS = YES;
				GCC_WARN_64_TO_32_BIT_CONVERSION = YES;
				GCC_WARN_ABOUT_RETURN_TYPE = YES_ERROR;
				GCC_WARN_UNDECLARED_SELECTOR = YES;
				GCC_WARN_UNINITIALIZED_AUTOS = YES_AGGRESSIVE;
				GCC_WARN_UNUSED_FUNCTION = YES;
				GCC_WARN_UNUSED_VARIABLE = YES;
				IPHONEOS_DEPLOYMENT_TARGET = 10.0;
				MTL_ENABLE_DEBUG_INFO = NO;
				SDKROOT = iphoneos;
				SWIFT_OPTIMIZATION_LEVEL = "-Owholemodule";
				TARGETED_DEVICE_FAMILY = "1,2";
				VALIDATE_PRODUCT = YES;
			};
			name = Release;
		};
		F8019A6E1DA44341009DF55D /* Debug */ = {
			isa = XCBuildConfiguration;
			baseConfigurationReference = E8CE850440A390A8C680A607 /* Pods-SPS.debug.xcconfig */;
			buildSettings = {
				ASSETCATALOG_COMPILER_APPICON_NAME = AppIcon;
				DEBUG_INFORMATION_FORMAT = "dwarf-with-dsym";
				DEVELOPMENT_TEAM = 4GA57MT5DC;
				INFOPLIST_FILE = "$(SRCROOT)/SPS/Resources/Info.plist";
				IPHONEOS_DEPLOYMENT_TARGET = 10.0;
				LD_RUNPATH_SEARCH_PATHS = "$(inherited) @executable_path/Frameworks";
				OTHER_SWIFT_FLAGS = "$(inherited) \"-D\" \"COCOAPODS\" -DDEBUG";
				PRODUCT_BUNDLE_IDENTIFIER = com.yamanjaiouch.sps;
				PRODUCT_NAME = "$(TARGET_NAME)";
				SWIFT_VERSION = 3.0;
			};
			name = Debug;
		};
		F8019A6F1DA44341009DF55D /* Release */ = {
			isa = XCBuildConfiguration;
			baseConfigurationReference = 631D728449DBAE97B04E87A8 /* Pods-SPS.release.xcconfig */;
			buildSettings = {
				ASSETCATALOG_COMPILER_APPICON_NAME = AppIcon;
				DEVELOPMENT_TEAM = 4GA57MT5DC;
				INFOPLIST_FILE = "$(SRCROOT)/SPS/Resources/Info.plist";
				IPHONEOS_DEPLOYMENT_TARGET = 10.0;
				LD_RUNPATH_SEARCH_PATHS = "$(inherited) @executable_path/Frameworks";
				OTHER_SWIFT_FLAGS = "$(inherited) \"-D\" \"COCOAPODS\" -DRELEASE";
				PRODUCT_BUNDLE_IDENTIFIER = com.yamanjaiouch.sps;
				PRODUCT_NAME = "$(TARGET_NAME)";
				SWIFT_VERSION = 3.0;
			};
			name = Release;
		};
		F8019A711DA44341009DF55D /* Debug */ = {
			isa = XCBuildConfiguration;
			buildSettings = {
				ALWAYS_EMBED_SWIFT_STANDARD_LIBRARIES = YES;
				BUNDLE_LOADER = "$(TEST_HOST)";
				DEVELOPMENT_TEAM = 4GA57MT5DC;
				INFOPLIST_FILE = SPSTests/Info.plist;
				LD_RUNPATH_SEARCH_PATHS = "$(inherited) @executable_path/Frameworks @loader_path/Frameworks";
				PRODUCT_BUNDLE_IDENTIFIER = com.yamanjaiouch.SPSTests;
				PRODUCT_NAME = "$(TARGET_NAME)";
				SWIFT_VERSION = 3.0;
				TEST_HOST = "$(BUILT_PRODUCTS_DIR)/SPS.app/SPS";
			};
			name = Debug;
		};
		F8019A721DA44341009DF55D /* Release */ = {
			isa = XCBuildConfiguration;
			buildSettings = {
				ALWAYS_EMBED_SWIFT_STANDARD_LIBRARIES = YES;
				BUNDLE_LOADER = "$(TEST_HOST)";
				DEVELOPMENT_TEAM = 4GA57MT5DC;
				INFOPLIST_FILE = SPSTests/Info.plist;
				LD_RUNPATH_SEARCH_PATHS = "$(inherited) @executable_path/Frameworks @loader_path/Frameworks";
				PRODUCT_BUNDLE_IDENTIFIER = com.yamanjaiouch.SPSTests;
				PRODUCT_NAME = "$(TARGET_NAME)";
				SWIFT_VERSION = 3.0;
				TEST_HOST = "$(BUILT_PRODUCTS_DIR)/SPS.app/SPS";
			};
			name = Release;
		};
/* End XCBuildConfiguration section */

/* Begin XCConfigurationList section */
		F8019A4B1DA44341009DF55D /* Build configuration list for PBXProject "SPS" */ = {
			isa = XCConfigurationList;
			buildConfigurations = (
				F8019A6B1DA44341009DF55D /* Debug */,
				F8019A6C1DA44341009DF55D /* Release */,
			);
			defaultConfigurationIsVisible = 0;
			defaultConfigurationName = Release;
		};
		F8019A6D1DA44341009DF55D /* Build configuration list for PBXNativeTarget "SPS" */ = {
			isa = XCConfigurationList;
			buildConfigurations = (
				F8019A6E1DA44341009DF55D /* Debug */,
				F8019A6F1DA44341009DF55D /* Release */,
			);
			defaultConfigurationIsVisible = 0;
			defaultConfigurationName = Release;
		};
		F8019A701DA44341009DF55D /* Build configuration list for PBXNativeTarget "SPSTests" */ = {
			isa = XCConfigurationList;
			buildConfigurations = (
				F8019A711DA44341009DF55D /* Debug */,
				F8019A721DA44341009DF55D /* Release */,
			);
			defaultConfigurationIsVisible = 0;
			defaultConfigurationName = Release;
		};
/* End XCConfigurationList section */
	};
	rootObject = F8019A481DA44341009DF55D /* Project object */;
}
